
Microsoft Visual Studio Solution File, Format Version 12.00
# Visual Studio 15
Project("{FAE04EC0-301F-11D3-BF4B-00C04F79EFBC}") = "Gym.Ecommerce", "Gym.Ecommerce\Gym.Ecommerce.csproj", "{660C362E-1FC8-4031-A4EF-647D096DF9E0}"
EndProject
Project("{FAE04EC0-301F-11D3-BF4B-00C04F79EFBC}") = "Gym.Tests", "Gym.Tests\Gym.Tests.csproj", "{8F50712D-A8A8-47D8-A890-4218F88448DF}"
EndProject
Project("{FAE04EC0-301F-11D3-BF4B-00C04F79EFBC}") = "Gym.Console", "Gym.Console\Gym.Console.csproj", "{E04E638E-5F0D-41E0-B62E-E0E949DB9EC7}"
EndProject
Global
	GlobalSection(SolutionConfigurationPlatforms) = preSolution
		Debug|Any CPU = Debug|Any CPU
		Release|Any CPU = Release|Any CPU
	EndGlobalSection
	GlobalSection(ProjectConfigurationPlatforms) = postSolution
		{660C362E-1FC8-4031-A4EF-647D096DF9E0}.Debug|Any CPU.ActiveCfg = Debug|Any CPU
		{660C362E-1FC8-4031-A4EF-647D096DF9E0}.Debug|Any CPU.Build.0 = Debug|Any CPU
		{660C362E-1FC8-4031-A4EF-647D096DF9E0}.Release|Any CPU.ActiveCfg = Release|Any CPU
		{660C362E-1FC8-4031-A4EF-647D096DF9E0}.Release|Any CPU.Build.0 = Release|Any CPU
		{8F50712D-A8A8-47D8-A890-4218F88448DF}.Debug|Any CPU.ActiveCfg = Debug|Any CPU
		{8F50712D-A8A8-47D8-A890-4218F88448DF}.Debug|Any CPU.Build.0 = Debug|Any CPU
		{8F50712D-A8A8-47D8-A890-4218F88448DF}.Release|Any CPU.ActiveCfg = Release|Any CPU
		{8F50712D-A8A8-47D8-A890-4218F88448DF}.Release|Any CPU.Build.0 = Release|Any CPU
		{E04E638E-5F0D-41E0-B62E-E0E949DB9EC7}.Debug|Any CPU.ActiveCfg = Debug|Any CPU
		{E04E638E-5F0D-41E0-B62E-E0E949DB9EC7}.Debug|Any CPU.Build.0 = Debug|Any CPU
		{E04E638E-5F0D-41E0-B62E-E0E949DB9EC7}.Release|Any CPU.ActiveCfg = Release|Any CPU
		{E04E638E-5F0D-41E0-B62E-E0E949DB9EC7}.Release|Any CPU.Build.0 = Release|Any CPU
	EndGlobalSection
EndGlobal
